
Microsoft Visual Studio Solution File, Format Version 12.00
# Visual Studio Version 17
VisualStudioVersion = 17.7.34202.233
MinimumVisualStudioVersion = 10.0.40219.1
Project("{9A19103F-16F7-4668-BE54-9A1E7A4F7556}") = "WebProje", "WebProje\WebProje.csproj", "{5312A769-5E3D-4068-8422-21E1CA131D08}"
EndProject
Project("{9A19103F-16F7-4668-BE54-9A1E7A4F7556}") = "EntityLayer", "EntityLayer\EntityLayer.csproj", "{13F47BCC-0D21-4A06-91F8-8209FAFCB7F9}"
EndProject
Project("{9A19103F-16F7-4668-BE54-9A1E7A4F7556}") = "DataAccessLayer", "DataAccessLayer\DataAccessLayer.csproj", "{B0EF1A69-4087-4254-ABCE-D7F602F5D97C}"
EndProject
Project("{9A19103F-16F7-4668-BE54-9A1E7A4F7556}") = "BusinessLayer", "BusinessLayer\BusinessLayer.csproj", "{FDA23F2C-9C05-472C-A20F-35D5E720722C}"
EndProject
Global
	GlobalSection(SolutionConfigurationPlatforms) = preSolution
		Debug|Any CPU = Debug|Any CPU
		Release|Any CPU = Release|Any CPU
	EndGlobalSection
	GlobalSection(ProjectConfigurationPlatforms) = postSolution
		{5312A769-5E3D-4068-8422-21E1CA131D08}.Debug|Any CPU.ActiveCfg = Debug|Any CPU
		{5312A769-5E3D-4068-8422-21E1CA131D08}.Debug|Any CPU.Build.0 = Debug|Any CPU
		{5312A769-5E3D-4068-8422-21E1CA131D08}.Release|Any CPU.ActiveCfg = Release|Any CPU
		{5312A769-5E3D-4068-8422-21E1CA131D08}.Release|Any CPU.Build.0 = Release|Any CPU
		{13F47BCC-0D21-4A06-91F8-8209FAFCB7F9}.Debug|Any CPU.ActiveCfg = Debug|Any CPU
		{13F47BCC-0D21-4A06-91F8-8209FAFCB7F9}.Debug|Any CPU.Build.0 = Debug|Any CPU
		{13F47BCC-0D21-4A06-91F8-8209FAFCB7F9}.Release|Any CPU.ActiveCfg = Release|Any CPU
		{13F47BCC-0D21-4A06-91F8-8209FAFCB7F9}.Release|Any CPU.Build.0 = Release|Any CPU
		{B0EF1A69-4087-4254-ABCE-D7F602F5D97C}.Debug|Any CPU.ActiveCfg = Debug|Any CPU
		{B0EF1A69-4087-4254-ABCE-D7F602F5D97C}.Debug|Any CPU.Build.0 = Debug|Any CPU
		{B0EF1A69-4087-4254-ABCE-D7F602F5D97C}.Release|Any CPU.ActiveCfg = Release|Any CPU
		{B0EF1A69-4087-4254-ABCE-D7F602F5D97C}.Release|Any CPU.Build.0 = Release|Any CPU
		{FDA23F2C-9C05-472C-A20F-35D5E720722C}.Debug|Any CPU.ActiveCfg = Debug|Any CPU
		{FDA23F2C-9C05-472C-A20F-35D5E720722C}.Debug|Any CPU.Build.0 = Debug|Any CPU
		{FDA23F2C-9C05-472C-A20F-35D5E720722C}.Release|Any CPU.ActiveCfg = Release|Any CPU
		{FDA23F2C-9C05-472C-A20F-35D5E720722C}.Release|Any CPU.Build.0 = Release|Any CPU
	EndGlobalSection
	GlobalSection(SolutionProperties) = preSolution
		HideSolutionNode = FALSE
	EndGlobalSection
	GlobalSection(ExtensibilityGlobals) = postSolution
		SolutionGuid = {9E9C1C68-6B5C-455C-91BA-6803AC87848E}
	EndGlobalSection
EndGlobal
